version: 2.0
shards:
  crumble:
    path: /home/ephraim/playground/crumble
    version: 0.8.0

  crumble-material:
    path: /home/ephraim/repos/crumble-material
    version: 0.1.0

  crumble-turbo:
    path: /home/ephraim/repos/crumble-turbo
    version: 0.1.0

  db:
    git: https://github.com/crystal-lang/crystal-db.git
    version: 0.11.0

  pg:
    git: https://github.com/will/crystal-pg.git
    version: 0.26.0

