version: 2.0
shards:
  crumble:
    git: https://github.com/sbsoftware/crumble.git
    version: 0.15.2

  crumble-material:
    git: https://github.com/sbsoftware/crumble-material.git
    version: 0.2.0

  crumble-stimulus:
    git: https://github.com/sbsoftware/crumble-stimulus.git
    version: 0.1.1

  crumble-turbo:
    git: https://github.com/sbsoftware/crumble-turbo.git
    version: 0.5.0

  db:
    git: https://github.com/crystal-lang/crystal-db.git
    version: 0.13.1

  js:
    git: https://github.com/sbsoftware/js.cr.git
    version: 1.2.3

  orma:
    git: https://github.com/sbsoftware/orma.git
    version: 0.3.2

  sqlite3:
    git: https://github.com/crystal-lang/crystal-sqlite3.git
    version: 0.21.0

  stimulus:
    git: https://github.com/sbsoftware/stimulus.cr.git
    version: 0.4.1

  to_html:
    git: https://github.com/sbsoftware/to_html.cr.git
    version: 1.0.7

